
Microsoft Visual Studio Solution File, Format Version 12.00
# Visual Studio Version 16
VisualStudioVersion = 16.0.31613.86
MinimumVisualStudioVersion = 10.0.40219.1
Project("{9A19103F-16F7-4668-BE54-9A1E7A4F7556}") = "Producer", "Producer\Producer.csproj", "{4AB7DC89-A2FE-4DE0-80A8-57C901EFA8E5}"
EndProject
Project("{9A19103F-16F7-4668-BE54-9A1E7A4F7556}") = "Common", "Common\Common.csproj", "{641167CD-2064-47FA-A7EF-00C23C6F52C9}"
EndProject
Project("{9A19103F-16F7-4668-BE54-9A1E7A4F7556}") = "Consumer", "Consumer\Consumer.csproj", "{50E99922-B1E4-431C-88A7-25D4D42E1F71}"
EndProject
Project("{2150E333-8FDC-42A3-9474-1A3956D46DE8}") = "Solution Items", "Solution Items", "{5ED4BA92-6BEB-4F8D-83ED-3166A5E86F98}"
	ProjectSection(SolutionItems) = preProject
		README.md = README.md
	EndProjectSection
EndProject
Project("{FAE04EC0-301F-11D3-BF4B-00C04F79EFBC}") = "Tests", "Tests\Tests.csproj", "{57EDC5B8-53E1-4A11-B039-D37D82634A5C}"
EndProject
Global
	GlobalSection(SolutionConfigurationPlatforms) = preSolution
		Debug|Any CPU = Debug|Any CPU
		Release|Any CPU = Release|Any CPU
	EndGlobalSection
	GlobalSection(ProjectConfigurationPlatforms) = postSolution
		{4AB7DC89-A2FE-4DE0-80A8-57C901EFA8E5}.Debug|Any CPU.ActiveCfg = Debug|Any CPU
		{4AB7DC89-A2FE-4DE0-80A8-57C901EFA8E5}.Debug|Any CPU.Build.0 = Debug|Any CPU
		{4AB7DC89-A2FE-4DE0-80A8-57C901EFA8E5}.Release|Any CPU.ActiveCfg = Release|Any CPU
		{4AB7DC89-A2FE-4DE0-80A8-57C901EFA8E5}.Release|Any CPU.Build.0 = Release|Any CPU
		{641167CD-2064-47FA-A7EF-00C23C6F52C9}.Debug|Any CPU.ActiveCfg = Debug|Any CPU
		{641167CD-2064-47FA-A7EF-00C23C6F52C9}.Debug|Any CPU.Build.0 = Debug|Any CPU
		{641167CD-2064-47FA-A7EF-00C23C6F52C9}.Release|Any CPU.ActiveCfg = Release|Any CPU
		{641167CD-2064-47FA-A7EF-00C23C6F52C9}.Release|Any CPU.Build.0 = Release|Any CPU
		{50E99922-B1E4-431C-88A7-25D4D42E1F71}.Debug|Any CPU.ActiveCfg = Debug|Any CPU
		{50E99922-B1E4-431C-88A7-25D4D42E1F71}.Debug|Any CPU.Build.0 = Debug|Any CPU
		{50E99922-B1E4-431C-88A7-25D4D42E1F71}.Release|Any CPU.ActiveCfg = Release|Any CPU
		{50E99922-B1E4-431C-88A7-25D4D42E1F71}.Release|Any CPU.Build.0 = Release|Any CPU
		{57EDC5B8-53E1-4A11-B039-D37D82634A5C}.Debug|Any CPU.ActiveCfg = Debug|Any CPU
		{57EDC5B8-53E1-4A11-B039-D37D82634A5C}.Debug|Any CPU.Build.0 = Debug|Any CPU
		{57EDC5B8-53E1-4A11-B039-D37D82634A5C}.Release|Any CPU.ActiveCfg = Release|Any CPU
		{57EDC5B8-53E1-4A11-B039-D37D82634A5C}.Release|Any CPU.Build.0 = Release|Any CPU
	EndGlobalSection
	GlobalSection(SolutionProperties) = preSolution
		HideSolutionNode = FALSE
	EndGlobalSection
	GlobalSection(ExtensibilityGlobals) = postSolution
		SolutionGuid = {D875A9F5-2140-4119-91DE-6AA8EBEEC5AC}
	EndGlobalSection
EndGlobal
